
Microsoft Visual Studio Solution File, Format Version 12.00
# Visual Studio Version 16
VisualStudioVersion = 16.0.30611.23
MinimumVisualStudioVersion = 15.0.26124.0
Project("{FAE04EC0-301F-11D3-BF4B-00C04F79EFBC}") = "Avtomatizaciya_zakupok_gotovaya.Objects", "Objects/Avtomatizaciya_zakupok_gotovaya.Objects.csproj", "82a2bdf3-7d01-4901-afc0-7dfd586cb821"
EndProject
Project("{FAE04EC0-301F-11D3-BF4B-00C04F79EFBC}") = "Avtomatizaciya_zakupok_gotovaya.Tests", "Tests/Avtomatizaciya_zakupok_gotovaya.Tests.csproj", "4b8d863d-82d9-47fb-83ec-e5b945e5db48"
EndProject
Project("{FAE04EC0-301F-11D3-BF4B-00C04F79EFBC}") = "Avtomatizaciya_zakupok_gotovaya.ODataBackend", "ODataBackend/Avtomatizaciya_zakupok_gotovaya.ODataBackend.csproj", "685ac7c5-2943-42c9-a248-9755f7001ea3"
EndProject
Project("{FAE04EC0-301F-11D3-BF4B-00C04F79EFBC}") = "Avtomatizaciya_zakupok_gotovaya.IntegrationTests", "IntegrationTests/Avtomatizaciya_zakupok_gotovaya.IntegrationTests.csproj", "159623b2-3f48-45bf-8873-2915374e9176"
EndProject
Global
	GlobalSection(SolutionConfigurationPlatforms) = preSolution
Debug|Any CPU = Debug|Any CPU
Release|Any CPU = Release|Any CPU
	EndGlobalSection
	GlobalSection(ProjectConfigurationPlatforms) = postSolution
		82a2bdf3-7d01-4901-afc0-7dfd586cb821.Debug|Any CPU.ActiveCfg = Debug|Any CPU
		82a2bdf3-7d01-4901-afc0-7dfd586cb821.Debug|Any CPU.Build.0 = Debug|Any CPU
		82a2bdf3-7d01-4901-afc0-7dfd586cb821.Release|Any CPU.ActiveCfg = Release|Any CPU
		82a2bdf3-7d01-4901-afc0-7dfd586cb821.Release|Any CPU.Build.0 = Release|Any CPU
		4b8d863d-82d9-47fb-83ec-e5b945e5db48.Debug|Any CPU.ActiveCfg = Debug|Any CPU
		4b8d863d-82d9-47fb-83ec-e5b945e5db48.Debug|Any CPU.Build.0 = Debug|Any CPU
		4b8d863d-82d9-47fb-83ec-e5b945e5db48.Release|Any CPU.ActiveCfg = Release|Any CPU
		4b8d863d-82d9-47fb-83ec-e5b945e5db48.Release|Any CPU.Build.0 = Release|Any CPU
		685ac7c5-2943-42c9-a248-9755f7001ea3.Debug|Any CPU.ActiveCfg = Debug|Any CPU
		685ac7c5-2943-42c9-a248-9755f7001ea3.Debug|Any CPU.Build.0 = Debug|Any CPU
		685ac7c5-2943-42c9-a248-9755f7001ea3.Release|Any CPU.ActiveCfg = Release|Any CPU
		685ac7c5-2943-42c9-a248-9755f7001ea3.Release|Any CPU.Build.0 = Release|Any CPU
		159623b2-3f48-45bf-8873-2915374e9176.Debug|Any CPU.ActiveCfg = Debug|Any CPU
		159623b2-3f48-45bf-8873-2915374e9176.Debug|Any CPU.Build.0 = Debug|Any CPU
		159623b2-3f48-45bf-8873-2915374e9176.Release|Any CPU.ActiveCfg = Release|Any CPU
		159623b2-3f48-45bf-8873-2915374e9176.Release|Any CPU.Build.0 = Release|Any CPU
	EndGlobalSection
	GlobalSection(SolutionProperties) = preSolution
		HideSolutionNode = FALSE
	EndGlobalSection
EndGlobal
